PODS:
  - fconfigproxy (0.0.1):
    - FlutterMacOS
  - FlutterMacOS (1.0.0)

DEPENDENCIES:
  - fconfigproxy (from `Flutter/ephemeral/.symlinks/plugins/fconfigproxy/macos`)
  - FlutterMacOS (from `Flutter/ephemeral`)

EXTERNAL SOURCES:
  fconfigproxy:
    :path: Flutter/ephemeral/.symlinks/plugins/fconfigproxy/macos
  FlutterMacOS:
    :path: Flutter/ephemeral

SPEC CHECKSUMS:
  fconfigproxy: fd16d0814dbd601e4df13f5cb51d4d83248e3987
  FlutterMacOS: 8f6f14fa908a6fb3fba0cd85dbd81ec4b251fb24

PODFILE CHECKSUM: 7eb978b976557c8c1cd717d8185ec483fd090a82

COCOAPODS: 1.16.2
